{
  "format_version": "1.1",
  "terraform_version": "1.3.3",
  "variables": {
    "cpu_masters": {
      "value": 2
    },
    "cpu_workers": {
      "value": 2
    },
    "disk_masters": {
      "value": "20GB"
    },
    "disk_workers": {
      "value": "20GB"
    },
    "infiscal_token": {
      "value": "st.c1108dd0-3bef-4090-bfbb-3633a4f94995.0d55fdc3d41188bf36cf7db380374117.bab1560b4f6724e37d359afc661351b1"
    },
    "master_counts": {
      "value": 3
    },
    "memory_masters": {
      "value": "8GB"
    },
    "memory_workers": {
      "value": "8GB"
    },
    "registered_email": {
      "value": "daiduong040700@gmail.com"
    },
    "upstash_token": {
      "value": "UPSTASH_MUSIC_STREAM"
    },
    "worker_counts": {
      "value": 3
    }
  },
  "planned_values": {
    "root_module": {
      "child_modules": [
        {
          "resources": [
            {
              "address": "module.multipass.multipass_instance.master_servers[0]",
              "mode": "managed",
              "type": "multipass_instance",
              "name": "master_servers",
              "index": 0,
              "provider_name": "registry.terraform.io/larstobi/multipass",
              "schema_version": 0,
              "values": {
                "cloudinit_file": null,
                "cpus": 2,
                "disk": "20GB",
                "image": "jammy",
                "memory": "8GB",
                "name": "master-01"
              },
              "sensitive_values": {}
            },
            {
              "address": "module.multipass.multipass_instance.master_servers[1]",
              "mode": "managed",
              "type": "multipass_instance",
              "name": "master_servers",
              "index": 1,
              "provider_name": "registry.terraform.io/larstobi/multipass",
              "schema_version": 0,
              "values": {
                "cloudinit_file": null,
                "cpus": 2,
                "disk": "20GB",
                "image": "jammy",
                "memory": "8GB",
                "name": "master-02"
              },
              "sensitive_values": {}
            },
            {
              "address": "module.multipass.multipass_instance.master_servers[2]",
              "mode": "managed",
              "type": "multipass_instance",
              "name": "master_servers",
              "index": 2,
              "provider_name": "registry.terraform.io/larstobi/multipass",
              "schema_version": 0,
              "values": {
                "cloudinit_file": null,
                "cpus": 2,
                "disk": "20GB",
                "image": "jammy",
                "memory": "8GB",
                "name": "master-03"
              },
              "sensitive_values": {}
            },
            {
              "address": "module.multipass.multipass_instance.worker_servers[0]",
              "mode": "managed",
              "type": "multipass_instance",
              "name": "worker_servers",
              "index": 0,
              "provider_name": "registry.terraform.io/larstobi/multipass",
              "schema_version": 0,
              "values": {
                "cloudinit_file": null,
                "cpus": 2,
                "disk": "20GB",
                "image": "jammy",
                "memory": "8GB",
                "name": "worker-01"
              },
              "sensitive_values": {}
            },
            {
              "address": "module.multipass.multipass_instance.worker_servers[1]",
              "mode": "managed",
              "type": "multipass_instance",
              "name": "worker_servers",
              "index": 1,
              "provider_name": "registry.terraform.io/larstobi/multipass",
              "schema_version": 0,
              "values": {
                "cloudinit_file": null,
                "cpus": 2,
                "disk": "20GB",
                "image": "jammy",
                "memory": "8GB",
                "name": "worker-02"
              },
              "sensitive_values": {}
            },
            {
              "address": "module.multipass.multipass_instance.worker_servers[2]",
              "mode": "managed",
              "type": "multipass_instance",
              "name": "worker_servers",
              "index": 2,
              "provider_name": "registry.terraform.io/larstobi/multipass",
              "schema_version": 0,
              "values": {
                "cloudinit_file": null,
                "cpus": 2,
                "disk": "20GB",
                "image": "jammy",
                "memory": "8GB",
                "name": "worker-03"
              },
              "sensitive_values": {}
            }
          ],
          "address": "module.multipass"
        },
        {
          "resources": [
            {
              "address": "module.upstash.upstash_kafka_cluster.exampleCluster",
              "mode": "managed",
              "type": "upstash_kafka_cluster",
              "name": "exampleCluster",
              "provider_name": "registry.terraform.io/upstash/upstash",
              "schema_version": 0,
              "values": {
                "cluster_name": "TerraformCluster",
                "multizone": false,
                "region": "eu-west-1"
              },
              "sensitive_values": {}
            },
            {
              "address": "module.upstash.upstash_kafka_topic.exampleKafkaTopic",
              "mode": "managed",
              "type": "upstash_kafka_topic",
              "name": "exampleKafkaTopic",
              "provider_name": "registry.terraform.io/upstash/upstash",
              "schema_version": 0,
              "values": {
                "cleanup_policy": "delete",
                "max_message_size": 829213,
                "partitions": 1,
                "retention_size": 725124,
                "retention_time": 625135,
                "topic_name": "TerraformTopic"
              },
              "sensitive_values": {}
            }
          ],
          "address": "module.upstash"
        }
      ]
    }
  },
  "resource_changes": [
    {
      "address": "module.multipass.multipass_instance.master_servers[0]",
      "module_address": "module.multipass",
      "mode": "managed",
      "type": "multipass_instance",
      "name": "master_servers",
      "index": 0,
      "provider_name": "registry.terraform.io/larstobi/multipass",
      "change": {
        "actions": [
          "create"
        ],
        "before": null,
        "after": {
          "cloudinit_file": null,
          "cpus": 2,
          "disk": "20GB",
          "image": "jammy",
          "memory": "8GB",
          "name": "master-01"
        },
        "after_unknown": {},
        "before_sensitive": false,
        "after_sensitive": {}
      }
    },
    {
      "address": "module.multipass.multipass_instance.master_servers[1]",
      "module_address": "module.multipass",
      "mode": "managed",
      "type": "multipass_instance",
      "name": "master_servers",
      "index": 1,
      "provider_name": "registry.terraform.io/larstobi/multipass",
      "change": {
        "actions": [
          "create"
        ],
        "before": null,
        "after": {
          "cloudinit_file": null,
          "cpus": 2,
          "disk": "20GB",
          "image": "jammy",
          "memory": "8GB",
          "name": "master-02"
        },
        "after_unknown": {},
        "before_sensitive": false,
        "after_sensitive": {}
      }
    },
    {
      "address": "module.multipass.multipass_instance.master_servers[2]",
      "module_address": "module.multipass",
      "mode": "managed",
      "type": "multipass_instance",
      "name": "master_servers",
      "index": 2,
      "provider_name": "registry.terraform.io/larstobi/multipass",
      "change": {
        "actions": [
          "create"
        ],
        "before": null,
        "after": {
          "cloudinit_file": null,
          "cpus": 2,
          "disk": "20GB",
          "image": "jammy",
          "memory": "8GB",
          "name": "master-03"
        },
        "after_unknown": {},
        "before_sensitive": false,
        "after_sensitive": {}
      }
    },
    {
      "address": "module.multipass.multipass_instance.worker_servers[0]",
      "module_address": "module.multipass",
      "mode": "managed",
      "type": "multipass_instance",
      "name": "worker_servers",
      "index": 0,
      "provider_name": "registry.terraform.io/larstobi/multipass",
      "change": {
        "actions": [
          "create"
        ],
        "before": null,
        "after": {
          "cloudinit_file": null,
          "cpus": 2,
          "disk": "20GB",
          "image": "jammy",
          "memory": "8GB",
          "name": "worker-01"
        },
        "after_unknown": {},
        "before_sensitive": false,
        "after_sensitive": {}
      }
    },
    {
      "address": "module.multipass.multipass_instance.worker_servers[1]",
      "module_address": "module.multipass",
      "mode": "managed",
      "type": "multipass_instance",
      "name": "worker_servers",
      "index": 1,
      "provider_name": "registry.terraform.io/larstobi/multipass",
      "change": {
        "actions": [
          "create"
        ],
        "before": null,
        "after": {
          "cloudinit_file": null,
          "cpus": 2,
          "disk": "20GB",
          "image": "jammy",
          "memory": "8GB",
          "name": "worker-02"
        },
        "after_unknown": {},
        "before_sensitive": false,
        "after_sensitive": {}
      }
    },
    {
      "address": "module.multipass.multipass_instance.worker_servers[2]",
      "module_address": "module.multipass",
      "mode": "managed",
      "type": "multipass_instance",
      "name": "worker_servers",
      "index": 2,
      "provider_name": "registry.terraform.io/larstobi/multipass",
      "change": {
        "actions": [
          "create"
        ],
        "before": null,
        "after": {
          "cloudinit_file": null,
          "cpus": 2,
          "disk": "20GB",
          "image": "jammy",
          "memory": "8GB",
          "name": "worker-03"
        },
        "after_unknown": {},
        "before_sensitive": false,
        "after_sensitive": {}
      }
    },
    {
      "address": "module.upstash.upstash_kafka_cluster.exampleCluster",
      "module_address": "module.upstash",
      "mode": "managed",
      "type": "upstash_kafka_cluster",
      "name": "exampleCluster",
      "provider_name": "registry.terraform.io/upstash/upstash",
      "change": {
        "actions": [
          "create"
        ],
        "before": null,
        "after": {
          "cluster_name": "TerraformCluster",
          "multizone": false,
          "region": "eu-west-1"
        },
        "after_unknown": {
          "cluster_id": true,
          "creation_time": true,
          "id": true,
          "max_message_size": true,
          "max_messages_per_second": true,
          "max_partitions": true,
          "max_retention_size": true,
          "max_retention_time": true,
          "password": true,
          "rest_endpoint": true,
          "state": true,
          "tcp_endpoint": true,
          "type": true,
          "username": true
        },
        "before_sensitive": false,
        "after_sensitive": {
          "password": true
        }
      }
    },
    {
      "address": "module.upstash.upstash_kafka_topic.exampleKafkaTopic",
      "module_address": "module.upstash",
      "mode": "managed",
      "type": "upstash_kafka_topic",
      "name": "exampleKafkaTopic",
      "provider_name": "registry.terraform.io/upstash/upstash",
      "change": {
        "actions": [
          "create"
        ],
        "before": null,
        "after": {
          "cleanup_policy": "delete",
          "max_message_size": 829213,
          "partitions": 1,
          "retention_size": 725124,
          "retention_time": 625135,
          "topic_name": "TerraformTopic"
        },
        "after_unknown": {
          "cluster_id": true,
          "creation_time": true,
          "id": true,
          "multizone": true,
          "password": true,
          "region": true,
          "rest_endpoint": true,
          "state": true,
          "tcp_endpoint": true,
          "topic_id": true,
          "username": true
        },
        "before_sensitive": false,
        "after_sensitive": {
          "password": true
        }
      }
    }
  ],
  "prior_state": {
    "format_version": "1.0",
    "terraform_version": "1.3.3",
    "values": {
      "root_module": {
        "child_modules": [
          {
            "resources": [
              {
                "address": "module.infiscal.data.infisical_secrets.my-secrets",
                "mode": "data",
                "type": "infisical_secrets",
                "name": "my-secrets",
                "provider_name": "registry.terraform.io/infisical/infisical",
                "schema_version": 0,
                "values": {
                  "env_slug": "dev",
                  "folder_path": "/",
                  "secrets": {
                    "GCP_CREDENTAL_SERVICES_URL": {
                      "comment": "",
                      "secret_type": "shared",
                      "value": "https://lidppplxramromzucuex.supabase.co/storage/v1/object/sign/gcp_secret_credentials_services/music-stream-415720-ff0e9556f01e.json?token=eyJhbGciOiJIUzI1NiIsInR5cCI6IkpXVCJ9.eyJ1cmwiOiJnY3Bfc2VjcmV0X2NyZWRlbnRpYWxzX3NlcnZpY2VzL211c2ljLXN0cmVhbS00MTU3MjAtZmYwZTk1NTZmMDFlLmpzb24iLCJpYXQiOjE3MDkxNTQ5NTYsImV4cCI6MTc0MDY5MDk1Nn0.e_WyarkJM6kP7WhSvMnpxyUMGVwiwYHvytgXg0xjkBE&t=2024-02-28T21%3A15%3A56.585Z"
                    },
                    "SUPBASE_MUSIC_STREAM": {
                      "comment": "",
                      "secret_type": "shared",
                      "value": "sbp_23e7b647f7ec8653555c03ae98e52d71cc90cf60"
                    },
                    "UPSTASH_MUSIC_STREAM": {
                      "comment": "",
                      "secret_type": "shared",
                      "value": "d67679f2-f973-4264-aec9-1593bb785e96"
                    }
                  },
                  "workspace_id": null
                },
                "sensitive_values": {
                  "secrets": {
                    "GCP_CREDENTAL_SERVICES_URL": {},
                    "SUPBASE_MUSIC_STREAM": {},
                    "UPSTASH_MUSIC_STREAM": {}
                  }
                }
              }
            ],
            "address": "module.infiscal"
          }
        ]
      }
    }
  },
  "configuration": {
    "provider_config": {
      "google": {
        "name": "google",
        "full_name": "registry.terraform.io/hashicorp/google"
      },
      "infisical": {
        "name": "infisical",
        "full_name": "registry.terraform.io/infisical/infisical"
      },
      "module.infiscal:infisical": {
        "name": "infisical",
        "full_name": "registry.terraform.io/infisical/infisical",
        "module_address": "module.infiscal",
        "expressions": {
          "host": {
            "constant_value": "https://app.infisical.com"
          },
          "service_token": {
            "references": [
              "var.infiscal_token"
            ]
          }
        }
      },
      "module.upstash:upstash": {
        "name": "upstash",
        "full_name": "registry.terraform.io/upstash/upstash",
        "module_address": "module.upstash",
        "expressions": {
          "api_key": {
            "references": [
              "var.api_key"
            ]
          },
          "email": {
            "references": [
              "var.registered_email"
            ]
          }
        }
      },
      "multipass": {
        "name": "multipass",
        "full_name": "registry.terraform.io/larstobi/multipass",
        "version_constraint": "1.4.2"
      },
      "upstash": {
        "name": "upstash",
        "full_name": "registry.terraform.io/upstash/upstash"
      }
    },
    "root_module": {
      "module_calls": {
        "infiscal": {
          "source": "./modules/infiscal",
          "expressions": {
            "infiscal_token": {
              "references": [
                "var.infiscal_token"
              ]
            }
          },
          "module": {
            "outputs": {
              "supbase_key": {
                "sensitive": true,
                "expression": {
                  "references": [
                    "data.infisical_secrets.my-secrets.secrets",
                    "data.infisical_secrets.my-secrets",
                    "var.supbase_token"
                  ]
                }
              },
              "upstash_key": {
                "sensitive": true,
                "expression": {
                  "references": [
                    "data.infisical_secrets.my-secrets.secrets",
                    "data.infisical_secrets.my-secrets",
                    "var.upstash_token"
                  ]
                }
              }
            },
            "resources": [
              {
                "address": "data.infisical_secrets.my-secrets",
                "mode": "data",
                "type": "infisical_secrets",
                "name": "my-secrets",
                "provider_config_key": "module.infiscal:infisical",
                "expressions": {
                  "env_slug": {
                    "constant_value": "dev"
                  },
                  "folder_path": {
                    "constant_value": "/"
                  }
                },
                "schema_version": 0
              }
            ],
            "variables": {
              "infiscal_token": {
                "description": "Infiscal service token",
                "sensitive": true
              },
              "supbase_token": {
                "default": "SUPBASE_MUSIC_STREAM",
                "description": "Supbase service token",
                "sensitive": true
              },
              "upstash_token": {
                "default": "UPSTASH_MUSIC_STREAM",
                "description": "Supbase service token",
                "sensitive": true
              }
            }
          }
        },
        "multipass": {
          "source": "./modules/multipass",
          "expressions": {
            "cpu_masters": {
              "references": [
                "var.cpu_masters"
              ]
            },
            "cpu_workers": {
              "references": [
                "var.cpu_workers"
              ]
            },
            "disk_masters": {
              "references": [
                "var.disk_masters"
              ]
            },
            "disk_workers": {
              "references": [
                "var.disk_workers"
              ]
            },
            "master_counts": {
              "references": [
                "var.master_counts"
              ]
            },
            "memory_masters": {
              "references": [
                "var.memory_masters"
              ]
            },
            "memory_workers": {
              "references": [
                "var.memory_workers"
              ]
            },
            "worker_counts": {
              "references": [
                "var.worker_counts"
              ]
            }
          },
          "module": {
            "resources": [
              {
                "address": "multipass_instance.master_servers",
                "mode": "managed",
                "type": "multipass_instance",
                "name": "master_servers",
                "provider_config_key": "multipass",
                "expressions": {
                  "cpus": {
                    "references": [
                      "var.cpu_masters"
                    ]
                  },
                  "disk": {
                    "references": [
                      "var.disk_masters"
                    ]
                  },
                  "image": {
                    "constant_value": "jammy"
                  },
                  "memory": {
                    "references": [
                      "var.memory_masters"
                    ]
                  },
                  "name": {
                    "references": [
                      "count.index"
                    ]
                  }
                },
                "schema_version": 0,
                "count_expression": {
                  "references": [
                    "var.master_counts"
                  ]
                }
              },
              {
                "address": "multipass_instance.worker_servers",
                "mode": "managed",
                "type": "multipass_instance",
                "name": "worker_servers",
                "provider_config_key": "multipass",
                "expressions": {
                  "cpus": {
                    "references": [
                      "var.cpu_workers"
                    ]
                  },
                  "disk": {
                    "references": [
                      "var.disk_workers"
                    ]
                  },
                  "image": {
                    "constant_value": "jammy"
                  },
                  "memory": {
                    "references": [
                      "var.memory_workers"
                    ]
                  },
                  "name": {
                    "references": [
                      "count.index"
                    ]
                  }
                },
                "schema_version": 0,
                "count_expression": {
                  "references": [
                    "var.worker_counts"
                  ]
                }
              }
            ],
            "variables": {
              "cpu_masters": {
                "description": "CPU Configuration for masters"
              },
              "cpu_workers": {
                "description": "CPU Configuration for workers"
              },
              "disk_masters": {
                "description": "Disk Configuration for masters"
              },
              "disk_workers": {
                "description": "Disk Configuration for workers"
              },
              "master_counts": {
                "description": "Registered VM masters to create"
              },
              "memory_masters": {
                "description": "Memory Configuration for masters"
              },
              "memory_workers": {
                "description": "Memory Configuration for workers"
              },
              "worker_counts": {
                "description": "Registered VM workers to create"
              }
            }
          }
        },
        "upstash": {
          "source": "./modules/upstash",
          "expressions": {
            "api_key": {
              "references": [
                "module.infiscal.upstash_key",
                "module.infiscal"
              ]
            },
            "registered_email": {
              "references": [
                "var.registered_email"
              ]
            }
          },
          "module": {
            "resources": [
              {
                "address": "upstash_kafka_cluster.exampleCluster",
                "mode": "managed",
                "type": "upstash_kafka_cluster",
                "name": "exampleCluster",
                "provider_config_key": "module.upstash:upstash",
                "expressions": {
                  "cluster_name": {
                    "constant_value": "TerraformCluster"
                  },
                  "multizone": {
                    "constant_value": false
                  },
                  "region": {
                    "constant_value": "eu-west-1"
                  }
                },
                "schema_version": 0
              },
              {
                "address": "upstash_kafka_topic.exampleKafkaTopic",
                "mode": "managed",
                "type": "upstash_kafka_topic",
                "name": "exampleKafkaTopic",
                "provider_config_key": "module.upstash:upstash",
                "expressions": {
                  "cleanup_policy": {
                    "constant_value": "delete"
                  },
                  "cluster_id": {
                    "references": [
                      "upstash_kafka_cluster.exampleCluster.cluster_id",
                      "upstash_kafka_cluster.exampleCluster"
                    ]
                  },
                  "max_message_size": {
                    "constant_value": 829213
                  },
                  "partitions": {
                    "constant_value": 1
                  },
                  "retention_size": {
                    "constant_value": 725124
                  },
                  "retention_time": {
                    "constant_value": 625135
                  },
                  "topic_name": {
                    "constant_value": "TerraformTopic"
                  }
                },
                "schema_version": 0
              }
            ],
            "variables": {
              "api_key": {
                "description": "Api key to connect for Upstash"
              },
              "registered_email": {
                "description": "Registered email for service"
              }
            }
          }
        }
      },
      "variables": {
        "cpu_masters": {
          "description": "CPU Configuration for masters"
        },
        "cpu_workers": {
          "description": "CPU Configuration for workers"
        },
        "disk_masters": {
          "description": "Disk Configuration for masters"
        },
        "disk_workers": {
          "description": "Disk Configuration for workers"
        },
        "infiscal_token": {
          "description": "Infiscal service token",
          "sensitive": true
        },
        "master_counts": {
          "description": "Registered VM master to create"
        },
        "memory_masters": {
          "description": "Memory Configuration for masters"
        },
        "memory_workers": {
          "description": "Memory Configuration for workers"
        },
        "registered_email": {
          "description": "Registered Email"
        },
        "upstash_token": {
          "default": "UPSTASH_MUSIC_STREAM",
          "description": "Supbase service token"
        },
        "worker_counts": {
          "description": "Registered VM workers to create"
        }
      }
    }
  },
  "relevant_attributes": [
    {
      "resource": "module.upstash.upstash_kafka_cluster.exampleCluster",
      "attribute": [
        "cluster_id"
      ]
    },
    {
      "resource": "module.infiscal.data.infisical_secrets.my-secrets",
      "attribute": [
        "secrets"
      ]
    }
  ]
}
